
Microsoft Visual Studio Solution File, Format Version 12.00
# Visual Studio Version 17
VisualStudioVersion = 17.14.37216.2 d17.14
MinimumVisualStudioVersion = 10.0.40219.1
Project("{FAE04EC0-301F-11D3-BF4B-00C04F79EFBC}") = "SalesManagement", "SalesManagement\SalesManagement.csproj", "{2D4B9352-EF42-4D1A-9D4E-844896340929}"
EndProject
Global
	GlobalSection(SolutionConfigurationPlatforms) = preSolution
		Debug|Any CPU = Debug|Any CPU
		Release|Any CPU = Release|Any CPU
	EndGlobalSection
	GlobalSection(ProjectConfigurationPlatforms) = postSolution
		{2D4B9352-EF42-4D1A-9D4E-844896340929}.Debug|Any CPU.ActiveCfg = Debug|Any CPU
		{2D4B9352-EF42-4D1A-9D4E-844896340929}.Debug|Any CPU.Build.0 = Debug|Any CPU
		{2D4B9352-EF42-4D1A-9D4E-844896340929}.Release|Any CPU.ActiveCfg = Release|Any CPU
		{2D4B9352-EF42-4D1A-9D4E-844896340929}.Release|Any CPU.Build.0 = Release|Any CPU
	EndGlobalSection
	GlobalSection(SolutionProperties) = preSolution
		HideSolutionNode = FALSE
	EndGlobalSection
	GlobalSection(ExtensibilityGlobals) = postSolution
		SolutionGuid = {36B32694-4D74-4975-8373-08B2266D2BDF}
	EndGlobalSection
EndGlobal
